{
  "name": "computation-models-interpreter",
  "version": "0.0.1",
  "lockfileVersion": 3,
  "requires": true,
  "packages": {
    "": {
      "name": "computation-models-interpreter",
      "version": "0.0.1",
      "license": "MIT",
      "workspaces": [
        "frontend",
        "libs"
      ]
    }
  }
}
